
Microsoft Visual Studio Solution File, Format Version 12.00
# Visual Studio 15
VisualStudioVersion = 15.0.27004.2010
MinimumVisualStudioVersion = 10.0.40219.1
Project("{FAE04EC0-301F-11D3-BF4B-00C04F79EFBC}") = "TSviewCloud", "TSviewCloud\TSviewCloud.csproj", "{0BCE8096-C7DB-40E3-982D-7950CD77B6EE}"
	ProjectSection(ProjectDependencies) = postProject
		{9AFFB411-07D7-4E7C-8B6E-60BAE66DC530} = {9AFFB411-07D7-4E7C-8B6E-60BAE66DC530}
	EndProjectSection
EndProject
Project("{FAE04EC0-301F-11D3-BF4B-00C04F79EFBC}") = "LibLocalSystem", "LibLocalSystem\LibLocalSystem.csproj", "{90EC23BD-CA48-4ABE-8D90-B062B8A65961}"
EndProject
Project("{8BC9CEB8-8B4A-11D0-8D11-00A0C91BC942}") = "ffmodule", "ffmodule\ffmodule.vcxproj", "{9AFFB411-07D7-4E7C-8B6E-60BAE66DC530}"
EndProject
Project("{FAE04EC0-301F-11D3-BF4B-00C04F79EFBC}") = "ffmodule_conf", "ffmodule_conf\ffmodule_conf.csproj", "{35E17767-09AC-4999-954F-4B0B23D85F99}"
EndProject
Project("{FAE04EC0-301F-11D3-BF4B-00C04F79EFBC}") = "LibCryptCarotDAV", "LibCryptCarotDAV\LibCryptCarotDAV.csproj", "{9862671B-05A7-4C41-95CA-E70FB0FBB508}"
EndProject
Project("{FAE04EC0-301F-11D3-BF4B-00C04F79EFBC}") = "LibCryptRclone", "LibCryptRclone\LibCryptRclone.csproj", "{AD021C32-10F3-474A-88E3-C02969E6B7FA}"
EndProject
Project("{8BC9CEB8-8B4A-11D0-8D11-00A0C91BC942}") = "Secretbox", "Secretbox\Secretbox.vcxproj", "{CCFCE44A-D6AB-4D60-919A-924B8BB166B5}"
EndProject
Project("{FAE04EC0-301F-11D3-BF4B-00C04F79EFBC}") = "LibAmazonDrive", "LibAmazonDrive\LibAmazonDrive.csproj", "{A17CA69E-FD42-470C-94BC-9D2C90FCA66E}"
EndProject
Project("{D954291E-2A0B-460D-934E-DC6B0785DB48}") = "SecretKeys", "SecretKeys\SecretKeys.shproj", "{FCD37600-3501-4EED-9B7F-8BF3EF3B696F}"
EndProject
Project("{FAE04EC0-301F-11D3-BF4B-00C04F79EFBC}") = "LibGoogleDrive", "LibGoogleDrive\LibGoogleDrive.csproj", "{1EA14841-C3C7-4D6C-A17D-F6108A5E76E4}"
EndProject
Project("{54435603-DBB4-11D2-8724-00A0C9A8B90C}") = "Setup64bit", "Setup64bit\Setup64bit.vdproj", "{42D0ED6F-C4A0-43C0-B003-6381326955A9}"
EndProject
Project("{54435603-DBB4-11D2-8724-00A0C9A8B90C}") = "Setup32bit", "Setup32bit\Setup32bit.vdproj", "{BBD26ED8-A190-4C15-AA1D-F450447E9283}"
EndProject
Project("{FAE04EC0-301F-11D3-BF4B-00C04F79EFBC}") = "LibDivide", "LibDivide\LibDivide.csproj", "{B5FA9483-94BF-4A7C-967C-538F6E92819C}"
EndProject
Global
	GlobalSection(SharedMSBuildProjectFiles) = preSolution
		SecretKeys\SecretKeys.projitems*{fcd37600-3501-4eed-9b7f-8bf3ef3b696f}*SharedItemsImports = 13
	EndGlobalSection
	GlobalSection(SolutionConfigurationPlatforms) = preSolution
		Debug|Any CPU = Debug|Any CPU
		Debug|x64 = Debug|x64
		Debug|x86 = Debug|x86
		Release|Any CPU = Release|Any CPU
		Release|x64 = Release|x64
		Release|x86 = Release|x86
	EndGlobalSection
	GlobalSection(ProjectConfigurationPlatforms) = postSolution
		{0BCE8096-C7DB-40E3-982D-7950CD77B6EE}.Debug|Any CPU.ActiveCfg = Debug|Any CPU
		{0BCE8096-C7DB-40E3-982D-7950CD77B6EE}.Debug|Any CPU.Build.0 = Debug|Any CPU
		{0BCE8096-C7DB-40E3-982D-7950CD77B6EE}.Debug|x64.ActiveCfg = Debug|x64
		{0BCE8096-C7DB-40E3-982D-7950CD77B6EE}.Debug|x64.Build.0 = Debug|x64
		{0BCE8096-C7DB-40E3-982D-7950CD77B6EE}.Debug|x86.ActiveCfg = Debug|x86
		{0BCE8096-C7DB-40E3-982D-7950CD77B6EE}.Debug|x86.Build.0 = Debug|x86
		{0BCE8096-C7DB-40E3-982D-7950CD77B6EE}.Release|Any CPU.ActiveCfg = Release|Any CPU
		{0BCE8096-C7DB-40E3-982D-7950CD77B6EE}.Release|x64.ActiveCfg = Release|x64
		{0BCE8096-C7DB-40E3-982D-7950CD77B6EE}.Release|x64.Build.0 = Release|x64
		{0BCE8096-C7DB-40E3-982D-7950CD77B6EE}.Release|x86.ActiveCfg = Release|x86
		{0BCE8096-C7DB-40E3-982D-7950CD77B6EE}.Release|x86.Build.0 = Release|x86
		{90EC23BD-CA48-4ABE-8D90-B062B8A65961}.Debug|Any CPU.ActiveCfg = Debug|Any CPU
		{90EC23BD-CA48-4ABE-8D90-B062B8A65961}.Debug|x64.ActiveCfg = Debug|x64
		{90EC23BD-CA48-4ABE-8D90-B062B8A65961}.Debug|x64.Build.0 = Debug|x64
		{90EC23BD-CA48-4ABE-8D90-B062B8A65961}.Debug|x86.ActiveCfg = Debug|x86
		{90EC23BD-CA48-4ABE-8D90-B062B8A65961}.Debug|x86.Build.0 = Debug|x86
		{90EC23BD-CA48-4ABE-8D90-B062B8A65961}.Release|Any CPU.ActiveCfg = Release|Any CPU
		{90EC23BD-CA48-4ABE-8D90-B062B8A65961}.Release|x64.ActiveCfg = Release|x64
		{90EC23BD-CA48-4ABE-8D90-B062B8A65961}.Release|x64.Build.0 = Release|x64
		{90EC23BD-CA48-4ABE-8D90-B062B8A65961}.Release|x86.ActiveCfg = Release|x86
		{90EC23BD-CA48-4ABE-8D90-B062B8A65961}.Release|x86.Build.0 = Release|x86
		{9AFFB411-07D7-4E7C-8B6E-60BAE66DC530}.Debug|Any CPU.ActiveCfg = Debug|Win32
		{9AFFB411-07D7-4E7C-8B6E-60BAE66DC530}.Debug|x64.ActiveCfg = Debug|x64
		{9AFFB411-07D7-4E7C-8B6E-60BAE66DC530}.Debug|x64.Build.0 = Debug|x64
		{9AFFB411-07D7-4E7C-8B6E-60BAE66DC530}.Debug|x86.ActiveCfg = Debug|Win32
		{9AFFB411-07D7-4E7C-8B6E-60BAE66DC530}.Debug|x86.Build.0 = Debug|Win32
		{9AFFB411-07D7-4E7C-8B6E-60BAE66DC530}.Release|Any CPU.ActiveCfg = Release|Win32
		{9AFFB411-07D7-4E7C-8B6E-60BAE66DC530}.Release|x64.ActiveCfg = Release|x64
		{9AFFB411-07D7-4E7C-8B6E-60BAE66DC530}.Release|x64.Build.0 = Release|x64
		{9AFFB411-07D7-4E7C-8B6E-60BAE66DC530}.Release|x86.ActiveCfg = Release|Win32
		{9AFFB411-07D7-4E7C-8B6E-60BAE66DC530}.Release|x86.Build.0 = Release|Win32
		{35E17767-09AC-4999-954F-4B0B23D85F99}.Debug|Any CPU.ActiveCfg = Debug|Any CPU
		{35E17767-09AC-4999-954F-4B0B23D85F99}.Debug|x64.ActiveCfg = Debug|x64
		{35E17767-09AC-4999-954F-4B0B23D85F99}.Debug|x64.Build.0 = Debug|x64
		{35E17767-09AC-4999-954F-4B0B23D85F99}.Debug|x86.ActiveCfg = Debug|x86
		{35E17767-09AC-4999-954F-4B0B23D85F99}.Debug|x86.Build.0 = Debug|x86
		{35E17767-09AC-4999-954F-4B0B23D85F99}.Release|Any CPU.ActiveCfg = Release|Any CPU
		{35E17767-09AC-4999-954F-4B0B23D85F99}.Release|x64.ActiveCfg = Release|x64
		{35E17767-09AC-4999-954F-4B0B23D85F99}.Release|x64.Build.0 = Release|x64
		{35E17767-09AC-4999-954F-4B0B23D85F99}.Release|x86.ActiveCfg = Release|x86
		{35E17767-09AC-4999-954F-4B0B23D85F99}.Release|x86.Build.0 = Release|x86
		{9862671B-05A7-4C41-95CA-E70FB0FBB508}.Debug|Any CPU.ActiveCfg = Debug|Any CPU
		{9862671B-05A7-4C41-95CA-E70FB0FBB508}.Debug|x64.ActiveCfg = Debug|x64
		{9862671B-05A7-4C41-95CA-E70FB0FBB508}.Debug|x64.Build.0 = Debug|x64
		{9862671B-05A7-4C41-95CA-E70FB0FBB508}.Debug|x86.ActiveCfg = Debug|x86
		{9862671B-05A7-4C41-95CA-E70FB0FBB508}.Debug|x86.Build.0 = Debug|x86
		{9862671B-05A7-4C41-95CA-E70FB0FBB508}.Release|Any CPU.ActiveCfg = Release|Any CPU
		{9862671B-05A7-4C41-95CA-E70FB0FBB508}.Release|x64.ActiveCfg = Release|x64
		{9862671B-05A7-4C41-95CA-E70FB0FBB508}.Release|x64.Build.0 = Release|x64
		{9862671B-05A7-4C41-95CA-E70FB0FBB508}.Release|x86.ActiveCfg = Release|x86
		{9862671B-05A7-4C41-95CA-E70FB0FBB508}.Release|x86.Build.0 = Release|x86
		{AD021C32-10F3-474A-88E3-C02969E6B7FA}.Debug|Any CPU.ActiveCfg = Debug|Any CPU
		{AD021C32-10F3-474A-88E3-C02969E6B7FA}.Debug|x64.ActiveCfg = Debug|x64
		{AD021C32-10F3-474A-88E3-C02969E6B7FA}.Debug|x64.Build.0 = Debug|x64
		{AD021C32-10F3-474A-88E3-C02969E6B7FA}.Debug|x86.ActiveCfg = Debug|x86
		{AD021C32-10F3-474A-88E3-C02969E6B7FA}.Debug|x86.Build.0 = Debug|x86
		{AD021C32-10F3-474A-88E3-C02969E6B7FA}.Release|Any CPU.ActiveCfg = Release|Any CPU
		{AD021C32-10F3-474A-88E3-C02969E6B7FA}.Release|x64.ActiveCfg = Release|x64
		{AD021C32-10F3-474A-88E3-C02969E6B7FA}.Release|x64.Build.0 = Release|x64
		{AD021C32-10F3-474A-88E3-C02969E6B7FA}.Release|x86.ActiveCfg = Release|x86
		{AD021C32-10F3-474A-88E3-C02969E6B7FA}.Release|x86.Build.0 = Release|x86
		{CCFCE44A-D6AB-4D60-919A-924B8BB166B5}.Debug|Any CPU.ActiveCfg = Debug|Win32
		{CCFCE44A-D6AB-4D60-919A-924B8BB166B5}.Debug|x64.ActiveCfg = Debug|x64
		{CCFCE44A-D6AB-4D60-919A-924B8BB166B5}.Debug|x64.Build.0 = Debug|x64
		{CCFCE44A-D6AB-4D60-919A-924B8BB166B5}.Debug|x86.ActiveCfg = Debug|Win32
		{CCFCE44A-D6AB-4D60-919A-924B8BB166B5}.Debug|x86.Build.0 = Debug|Win32
		{CCFCE44A-D6AB-4D60-919A-924B8BB166B5}.Release|Any CPU.ActiveCfg = Release|Win32
		{CCFCE44A-D6AB-4D60-919A-924B8BB166B5}.Release|x64.ActiveCfg = Release|x64
		{CCFCE44A-D6AB-4D60-919A-924B8BB166B5}.Release|x64.Build.0 = Release|x64
		{CCFCE44A-D6AB-4D60-919A-924B8BB166B5}.Release|x86.ActiveCfg = Release|Win32
		{CCFCE44A-D6AB-4D60-919A-924B8BB166B5}.Release|x86.Build.0 = Release|Win32
		{A17CA69E-FD42-470C-94BC-9D2C90FCA66E}.Debug|Any CPU.ActiveCfg = Debug|Any CPU
		{A17CA69E-FD42-470C-94BC-9D2C90FCA66E}.Debug|x64.ActiveCfg = Debug|x64
		{A17CA69E-FD42-470C-94BC-9D2C90FCA66E}.Debug|x64.Build.0 = Debug|x64
		{A17CA69E-FD42-470C-94BC-9D2C90FCA66E}.Debug|x86.ActiveCfg = Debug|x86
		{A17CA69E-FD42-470C-94BC-9D2C90FCA66E}.Debug|x86.Build.0 = Debug|x86
		{A17CA69E-FD42-470C-94BC-9D2C90FCA66E}.Release|Any CPU.ActiveCfg = Release|Any CPU
		{A17CA69E-FD42-470C-94BC-9D2C90FCA66E}.Release|x64.ActiveCfg = Release|x64
		{A17CA69E-FD42-470C-94BC-9D2C90FCA66E}.Release|x64.Build.0 = Release|x64
		{A17CA69E-FD42-470C-94BC-9D2C90FCA66E}.Release|x86.ActiveCfg = Release|x86
		{A17CA69E-FD42-470C-94BC-9D2C90FCA66E}.Release|x86.Build.0 = Release|x86
		{1EA14841-C3C7-4D6C-A17D-F6108A5E76E4}.Debug|Any CPU.ActiveCfg = Debug|Any CPU
		{1EA14841-C3C7-4D6C-A17D-F6108A5E76E4}.Debug|x64.ActiveCfg = Debug|x64
		{1EA14841-C3C7-4D6C-A17D-F6108A5E76E4}.Debug|x64.Build.0 = Debug|x64
		{1EA14841-C3C7-4D6C-A17D-F6108A5E76E4}.Debug|x86.ActiveCfg = Debug|x86
		{1EA14841-C3C7-4D6C-A17D-F6108A5E76E4}.Debug|x86.Build.0 = Debug|x86
		{1EA14841-C3C7-4D6C-A17D-F6108A5E76E4}.Release|Any CPU.ActiveCfg = Release|Any CPU
		{1EA14841-C3C7-4D6C-A17D-F6108A5E76E4}.Release|x64.ActiveCfg = Release|x64
		{1EA14841-C3C7-4D6C-A17D-F6108A5E76E4}.Release|x64.Build.0 = Release|x64
		{1EA14841-C3C7-4D6C-A17D-F6108A5E76E4}.Release|x86.ActiveCfg = Release|x86
		{1EA14841-C3C7-4D6C-A17D-F6108A5E76E4}.Release|x86.Build.0 = Release|x86
		{42D0ED6F-C4A0-43C0-B003-6381326955A9}.Debug|Any CPU.ActiveCfg = Debug
		{42D0ED6F-C4A0-43C0-B003-6381326955A9}.Debug|x64.ActiveCfg = Debug
		{42D0ED6F-C4A0-43C0-B003-6381326955A9}.Debug|x86.ActiveCfg = Debug
		{42D0ED6F-C4A0-43C0-B003-6381326955A9}.Release|Any CPU.ActiveCfg = Release
		{42D0ED6F-C4A0-43C0-B003-6381326955A9}.Release|x64.ActiveCfg = Release
		{42D0ED6F-C4A0-43C0-B003-6381326955A9}.Release|x64.Build.0 = Release
		{42D0ED6F-C4A0-43C0-B003-6381326955A9}.Release|x86.ActiveCfg = Release
		{BBD26ED8-A190-4C15-AA1D-F450447E9283}.Debug|Any CPU.ActiveCfg = Debug
		{BBD26ED8-A190-4C15-AA1D-F450447E9283}.Debug|x64.ActiveCfg = Debug
		{BBD26ED8-A190-4C15-AA1D-F450447E9283}.Debug|x86.ActiveCfg = Debug
		{BBD26ED8-A190-4C15-AA1D-F450447E9283}.Release|Any CPU.ActiveCfg = Release
		{BBD26ED8-A190-4C15-AA1D-F450447E9283}.Release|x64.ActiveCfg = Release
		{BBD26ED8-A190-4C15-AA1D-F450447E9283}.Release|x86.ActiveCfg = Release
		{BBD26ED8-A190-4C15-AA1D-F450447E9283}.Release|x86.Build.0 = Release
		{B5FA9483-94BF-4A7C-967C-538F6E92819C}.Debug|Any CPU.ActiveCfg = Debug|Any CPU
		{B5FA9483-94BF-4A7C-967C-538F6E92819C}.Debug|x64.ActiveCfg = Debug|x64
		{B5FA9483-94BF-4A7C-967C-538F6E92819C}.Debug|x64.Build.0 = Debug|x64
		{B5FA9483-94BF-4A7C-967C-538F6E92819C}.Debug|x86.ActiveCfg = Debug|x86
		{B5FA9483-94BF-4A7C-967C-538F6E92819C}.Debug|x86.Build.0 = Debug|x86
		{B5FA9483-94BF-4A7C-967C-538F6E92819C}.Release|Any CPU.ActiveCfg = Release|Any CPU
		{B5FA9483-94BF-4A7C-967C-538F6E92819C}.Release|x64.ActiveCfg = Release|x64
		{B5FA9483-94BF-4A7C-967C-538F6E92819C}.Release|x64.Build.0 = Release|x64
		{B5FA9483-94BF-4A7C-967C-538F6E92819C}.Release|x86.ActiveCfg = Release|x86
		{B5FA9483-94BF-4A7C-967C-538F6E92819C}.Release|x86.Build.0 = Release|x86
	EndGlobalSection
	GlobalSection(SolutionProperties) = preSolution
		HideSolutionNode = FALSE
	EndGlobalSection
	GlobalSection(ExtensibilityGlobals) = postSolution
		SolutionGuid = {94BE127D-73EC-4C3F-A8CA-AD641174BA2A}
	EndGlobalSection
EndGlobal
